// !$*UTF8*$!
{
	archiveVersion = 1;
	classes = {
	};
	objectVersion = 51;
	objects = {

/* Begin PBXBuildFile section */
		2B702E901489E4938C10AE17 /* Pods_specialTarget_CBKit.framework in Frameworks */ = {isa = PBXBuildFile; fileRef = 15D416337C11C194731306E0 /* Pods_specialTarget_CBKit.framework */; };
		59A7085B12B94ED192F71FE4 /* Pods_specialTarget_CBDemo.framework in Frameworks */ = {isa = PBXBuildFile; fileRef = BBED4960B2BC63B03EB8FC15 /* Pods_specialTarget_CBDemo.framework */; };
		5BE5D6DD81EC8D891BBF678C /* Pods_specialTarget_CBKit_CBKitTests.framework in Frameworks */ = {isa = PBXBuildFile; fileRef = 4A6651436BEF129AD20A2D58 /* Pods_specialTarget_CBKit_CBKitTests.framework */; };
		8B6FE2880B48F0D2F7CBACCD /* Pods_specialTarget_CBDemo_CBDemoTests.framework in Frameworks */ = {isa = PBXBuildFile; fileRef = 9F802B9C50297964CC5D6EC7 /* Pods_specialTarget_CBDemo_CBDemoTests.framework */; };
		C779B65724A979C500896E40 /* CBContext.h in Headers */ = {isa = PBXBuildFile; fileRef = C779B65524A979C500896E40 /* CBContext.h */; settings = {ATTRIBUTES = (Public, ); }; };
		C779B65824A979C500896E40 /* CBContext.m in Sources */ = {isa = PBXBuildFile; fileRef = C779B65624A979C500896E40 /* CBContext.m */; };
		C779B65C24A97AD500896E40 /* CBServiceDescription.h in Headers */ = {isa = PBXBuildFile; fileRef = C779B65A24A97AD500896E40 /* CBServiceDescription.h */; settings = {ATTRIBUTES = (Public, ); }; };
		C779B65D24A97AD500896E40 /* CBServiceDescription.m in Sources */ = {isa = PBXBuildFile; fileRef = C779B65B24A97AD500896E40 /* CBServiceDescription.m */; };
		C779B66024A98ED900896E40 /* CBApplicationDescription.h in Headers */ = {isa = PBXBuildFile; fileRef = C779B65E24A98ED900896E40 /* CBApplicationDescription.h */; settings = {ATTRIBUTES = (Public, ); }; };
		C779B66124A98ED900896E40 /* CBApplicationDescription.m in Sources */ = {isa = PBXBuildFile; fileRef = C779B65F24A98ED900896E40 /* CBApplicationDescription.m */; };
		C7BAFA6725A04D6C00DE8417 /* TestAppDelegate.swift in Sources */ = {isa = PBXBuildFile; fileRef = C7BAFA6625A04D6C00DE8417 /* TestAppDelegate.swift */; };
		C7F2019F24A6736E009ABFF3 /* CBKit.framework in Frameworks */ = {isa = PBXBuildFile; fileRef = C7F2019524A6736E009ABFF3 /* CBKit.framework */; };
		C7F201A424A6736E009ABFF3 /* CBKitTests.m in Sources */ = {isa = PBXBuildFile; fileRef = C7F201A324A6736E009ABFF3 /* CBKitTests.m */; };
		C7F201A624A6736F009ABFF3 /* CBKit.h in Headers */ = {isa = PBXBuildFile; fileRef = C7F2019824A6736E009ABFF3 /* CBKit.h */; settings = {ATTRIBUTES = (Public, ); }; };
		C7F201B524A6DC0B009ABFF3 /* CBAppDelegate.h in Headers */ = {isa = PBXBuildFile; fileRef = C7F201B324A6DC0B009ABFF3 /* CBAppDelegate.h */; settings = {ATTRIBUTES = (Public, ); }; };
		C7F201B624A6DC0B009ABFF3 /* CBAppDelegate.m in Sources */ = {isa = PBXBuildFile; fileRef = C7F201B424A6DC0B009ABFF3 /* CBAppDelegate.m */; };
		C7F201B924A6F387009ABFF3 /* CBAppDelegateManager.h in Headers */ = {isa = PBXBuildFile; fileRef = C7F201B724A6F387009ABFF3 /* CBAppDelegateManager.h */; settings = {ATTRIBUTES = (Public, ); }; };
		C7F201BA24A6F387009ABFF3 /* CBAppDelegateManager.m in Sources */ = {isa = PBXBuildFile; fileRef = C7F201B824A6F387009ABFF3 /* CBAppDelegateManager.m */; };
		C7F201FE24A70E52009ABFF3 /* CBRouter.h in Headers */ = {isa = PBXBuildFile; fileRef = C7F201FC24A70E52009ABFF3 /* CBRouter.h */; settings = {ATTRIBUTES = (Public, ); }; };
		C7F201FF24A70E52009ABFF3 /* CBRouter.m in Sources */ = {isa = PBXBuildFile; fileRef = C7F201FD24A70E52009ABFF3 /* CBRouter.m */; };
		C7F2020624A73771009ABFF3 /* CBMsgBus.h in Headers */ = {isa = PBXBuildFile; fileRef = C7F2020424A73771009ABFF3 /* CBMsgBus.h */; settings = {ATTRIBUTES = (Public, ); }; };
		C7F2020724A73771009ABFF3 /* CBMsgBus.m in Sources */ = {isa = PBXBuildFile; fileRef = C7F2020524A73771009ABFF3 /* CBMsgBus.m */; };
		C7F2020A24A73FFC009ABFF3 /* CBWeakDelegate.h in Headers */ = {isa = PBXBuildFile; fileRef = C7F2020824A73FFC009ABFF3 /* CBWeakDelegate.h */; };
		C7F2020B24A73FFC009ABFF3 /* CBWeakDelegate.m in Sources */ = {isa = PBXBuildFile; fileRef = C7F2020924A73FFC009ABFF3 /* CBWeakDelegate.m */; };
		C7F2020E24A75BD1009ABFF3 /* NSObject+CBMsgBus.h in Headers */ = {isa = PBXBuildFile; fileRef = C7F2020C24A75BD1009ABFF3 /* NSObject+CBMsgBus.h */; settings = {ATTRIBUTES = (Public, ); }; };
		C7F2020F24A75BD1009ABFF3 /* NSObject+CBMsgBus.m in Sources */ = {isa = PBXBuildFile; fileRef = C7F2020D24A75BD1009ABFF3 /* NSObject+CBMsgBus.m */; };
		C7F9D5BB24B6195400B1D314 /* AppDelegate.m in Sources */ = {isa = PBXBuildFile; fileRef = C7F9D5BA24B6195400B1D314 /* AppDelegate.m */; };
		C7F9D5C124B6195400B1D314 /* ViewController.m in Sources */ = {isa = PBXBuildFile; fileRef = C7F9D5C024B6195400B1D314 /* ViewController.m */; };
		C7F9D5C424B6195400B1D314 /* Main.storyboard in Resources */ = {isa = PBXBuildFile; fileRef = C7F9D5C224B6195400B1D314 /* Main.storyboard */; };
		C7F9D5C624B6195500B1D314 /* Assets.xcassets in Resources */ = {isa = PBXBuildFile; fileRef = C7F9D5C524B6195500B1D314 /* Assets.xcassets */; };
		C7F9D5C924B6195500B1D314 /* LaunchScreen.storyboard in Resources */ = {isa = PBXBuildFile; fileRef = C7F9D5C724B6195500B1D314 /* LaunchScreen.storyboard */; };
		C7F9D5CC24B6195500B1D314 /* main.m in Sources */ = {isa = PBXBuildFile; fileRef = C7F9D5CB24B6195500B1D314 /* main.m */; };
		C7F9D5D624B6195600B1D314 /* CBDemoTests.m in Sources */ = {isa = PBXBuildFile; fileRef = C7F9D5D524B6195600B1D314 /* CBDemoTests.m */; };
		C7F9D5E124B6195600B1D314 /* CBDemoUITests.m in Sources */ = {isa = PBXBuildFile; fileRef = C7F9D5E024B6195600B1D314 /* CBDemoUITests.m */; };
		C7F9D5ED24B61CF000B1D314 /* CBKit.framework in Frameworks */ = {isa = PBXBuildFile; fileRef = C7F2019524A6736E009ABFF3 /* CBKit.framework */; };
/* End PBXBuildFile section */

/* Begin PBXContainerItemProxy section */
		C7F201A024A6736E009ABFF3 /* PBXContainerItemProxy */ = {
			isa = PBXContainerItemProxy;
			containerPortal = C7F2018C24A6736E009ABFF3 /* Project object */;
			proxyType = 1;
			remoteGlobalIDString = C7F2019424A6736E009ABFF3;
			remoteInfo = CBKit;
		};
		C7F9D5D224B6195600B1D314 /* PBXContainerItemProxy */ = {
			isa = PBXContainerItemProxy;
			containerPortal = C7F2018C24A6736E009ABFF3 /* Project object */;
			proxyType = 1;
			remoteGlobalIDString = C7F9D5B624B6195400B1D314;
			remoteInfo = CBDemo;
		};
		C7F9D5DD24B6195600B1D314 /* PBXContainerItemProxy */ = {
			isa = PBXContainerItemProxy;
			containerPortal = C7F2018C24A6736E009ABFF3 /* Project object */;
			proxyType = 1;
			remoteGlobalIDString = C7F9D5B624B6195400B1D314;
			remoteInfo = CBDemo;
		};
/* End PBXContainerItemProxy section */

/* Begin PBXFileReference section */
		041A046FC774916395A44EA1 /* Pods-CBKit.debug.xcconfig */ = {isa = PBXFileReference; includeInIndex = 1; lastKnownFileType = text.xcconfig; name = "Pods-CBKit.debug.xcconfig"; path = "Target Support Files/Pods-CBKit/Pods-CBKit.debug.xcconfig"; sourceTree = "<group>"; };
		0925EAD1326E7CF79AA541DD /* Pods-specialTarget-CBKit.debug.xcconfig */ = {isa = PBXFileReference; includeInIndex = 1; lastKnownFileType = text.xcconfig; name = "Pods-specialTarget-CBKit.debug.xcconfig"; path = "Target Support Files/Pods-specialTarget-CBKit/Pods-specialTarget-CBKit.debug.xcconfig"; sourceTree = "<group>"; };
		11083286F8CF5494B0A4F8D4 /* Pods-CBKit-CBKitTests.release.xcconfig */ = {isa = PBXFileReference; includeInIndex = 1; lastKnownFileType = text.xcconfig; name = "Pods-CBKit-CBKitTests.release.xcconfig"; path = "Target Support Files/Pods-CBKit-CBKitTests/Pods-CBKit-CBKitTests.release.xcconfig"; sourceTree = "<group>"; };
		15D416337C11C194731306E0 /* Pods_specialTarget_CBKit.framework */ = {isa = PBXFileReference; explicitFileType = wrapper.framework; includeInIndex = 0; path = Pods_specialTarget_CBKit.framework; sourceTree = BUILT_PRODUCTS_DIR; };
		27FA9366DFA92B802191B7DF /* Pods-specialTarget-CBDemo.release.xcconfig */ = {isa = PBXFileReference; includeInIndex = 1; lastKnownFileType = text.xcconfig; name = "Pods-specialTarget-CBDemo.release.xcconfig"; path = "Target Support Files/Pods-specialTarget-CBDemo/Pods-specialTarget-CBDemo.release.xcconfig"; sourceTree = "<group>"; };
		3A8628EB0586022B39AD2E0F /* Pods-specialTarget-CBKit.release.xcconfig */ = {isa = PBXFileReference; includeInIndex = 1; lastKnownFileType = text.xcconfig; name = "Pods-specialTarget-CBKit.release.xcconfig"; path = "Target Support Files/Pods-specialTarget-CBKit/Pods-specialTarget-CBKit.release.xcconfig"; sourceTree = "<group>"; };
		4A6651436BEF129AD20A2D58 /* Pods_specialTarget_CBKit_CBKitTests.framework */ = {isa = PBXFileReference; explicitFileType = wrapper.framework; includeInIndex = 0; path = Pods_specialTarget_CBKit_CBKitTests.framework; sourceTree = BUILT_PRODUCTS_DIR; };
		7117508AA21DD7D0D0F0AF80 /* Pods-CBKit.release.xcconfig */ = {isa = PBXFileReference; includeInIndex = 1; lastKnownFileType = text.xcconfig; name = "Pods-CBKit.release.xcconfig"; path = "Target Support Files/Pods-CBKit/Pods-CBKit.release.xcconfig"; sourceTree = "<group>"; };
		77FBE6DA26E252C34D68B7AE /* Pods-CBKit-CBKitTests.debug.xcconfig */ = {isa = PBXFileReference; includeInIndex = 1; lastKnownFileType = text.xcconfig; name = "Pods-CBKit-CBKitTests.debug.xcconfig"; path = "Target Support Files/Pods-CBKit-CBKitTests/Pods-CBKit-CBKitTests.debug.xcconfig"; sourceTree = "<group>"; };
		9F802B9C50297964CC5D6EC7 /* Pods_specialTarget_CBDemo_CBDemoTests.framework */ = {isa = PBXFileReference; explicitFileType = wrapper.framework; includeInIndex = 0; path = Pods_specialTarget_CBDemo_CBDemoTests.framework; sourceTree = BUILT_PRODUCTS_DIR; };
		ABF042B95CF386E69B5A95F1 /* Pods-specialTarget-CBDemo-CBDemoTests.release.xcconfig */ = {isa = PBXFileReference; includeInIndex = 1; lastKnownFileType = text.xcconfig; name = "Pods-specialTarget-CBDemo-CBDemoTests.release.xcconfig"; path = "Target Support Files/Pods-specialTarget-CBDemo-CBDemoTests/Pods-specialTarget-CBDemo-CBDemoTests.release.xcconfig"; sourceTree = "<group>"; };
		B8218092C4DCE33A3A0380AF /* Pods-specialTarget-CBDemo-CBDemoTests.debug.xcconfig */ = {isa = PBXFileReference; includeInIndex = 1; lastKnownFileType = text.xcconfig; name = "Pods-specialTarget-CBDemo-CBDemoTests.debug.xcconfig"; path = "Target Support Files/Pods-specialTarget-CBDemo-CBDemoTests/Pods-specialTarget-CBDemo-CBDemoTests.debug.xcconfig"; sourceTree = "<group>"; };
		BBED4960B2BC63B03EB8FC15 /* Pods_specialTarget_CBDemo.framework */ = {isa = PBXFileReference; explicitFileType = wrapper.framework; includeInIndex = 0; path = Pods_specialTarget_CBDemo.framework; sourceTree = BUILT_PRODUCTS_DIR; };
		C779B65524A979C500896E40 /* CBContext.h */ = {isa = PBXFileReference; lastKnownFileType = sourcecode.c.h; path = CBContext.h; sourceTree = "<group>"; };
		C779B65624A979C500896E40 /* CBContext.m */ = {isa = PBXFileReference; lastKnownFileType = sourcecode.c.objc; path = CBContext.m; sourceTree = "<group>"; };
		C779B65A24A97AD500896E40 /* CBServiceDescription.h */ = {isa = PBXFileReference; lastKnownFileType = sourcecode.c.h; path = CBServiceDescription.h; sourceTree = "<group>"; };
		C779B65B24A97AD500896E40 /* CBServiceDescription.m */ = {isa = PBXFileReference; lastKnownFileType = sourcecode.c.objc; path = CBServiceDescription.m; sourceTree = "<group>"; };
		C779B65E24A98ED900896E40 /* CBApplicationDescription.h */ = {isa = PBXFileReference; lastKnownFileType = sourcecode.c.h; path = CBApplicationDescription.h; sourceTree = "<group>"; };
		C779B65F24A98ED900896E40 /* CBApplicationDescription.m */ = {isa = PBXFileReference; lastKnownFileType = sourcecode.c.objc; path = CBApplicationDescription.m; sourceTree = "<group>"; };
		C7BAFA5925A04BD600DE8417 /* CBDemo-Bridging-Header.h */ = {isa = PBXFileReference; lastKnownFileType = sourcecode.c.h; path = "CBDemo-Bridging-Header.h"; sourceTree = "<group>"; };
		C7BAFA6625A04D6C00DE8417 /* TestAppDelegate.swift */ = {isa = PBXFileReference; lastKnownFileType = sourcecode.swift; path = TestAppDelegate.swift; sourceTree = "<group>"; };
		C7F2019524A6736E009ABFF3 /* CBKit.framework */ = {isa = PBXFileReference; explicitFileType = wrapper.framework; includeInIndex = 0; path = CBKit.framework; sourceTree = BUILT_PRODUCTS_DIR; };
		C7F2019824A6736E009ABFF3 /* CBKit.h */ = {isa = PBXFileReference; lastKnownFileType = sourcecode.c.h; path = CBKit.h; sourceTree = "<group>"; };
		C7F2019924A6736E009ABFF3 /* Info.plist */ = {isa = PBXFileReference; lastKnownFileType = text.plist.xml; path = Info.plist; sourceTree = "<group>"; };
		C7F2019E24A6736E009ABFF3 /* CBKitTests.xctest */ = {isa = PBXFileReference; explicitFileType = wrapper.cfbundle; includeInIndex = 0; path = CBKitTests.xctest; sourceTree = BUILT_PRODUCTS_DIR; };
		C7F201A324A6736E009ABFF3 /* CBKitTests.m */ = {isa = PBXFileReference; lastKnownFileType = sourcecode.c.objc; path = CBKitTests.m; sourceTree = "<group>"; };
		C7F201A524A6736E009ABFF3 /* Info.plist */ = {isa = PBXFileReference; lastKnownFileType = text.plist.xml; path = Info.plist; sourceTree = "<group>"; };
		C7F201B324A6DC0B009ABFF3 /* CBAppDelegate.h */ = {isa = PBXFileReference; lastKnownFileType = sourcecode.c.h; path = CBAppDelegate.h; sourceTree = "<group>"; };
		C7F201B424A6DC0B009ABFF3 /* CBAppDelegate.m */ = {isa = PBXFileReference; lastKnownFileType = sourcecode.c.objc; path = CBAppDelegate.m; sourceTree = "<group>"; };
		C7F201B724A6F387009ABFF3 /* CBAppDelegateManager.h */ = {isa = PBXFileReference; lastKnownFileType = sourcecode.c.h; path = CBAppDelegateManager.h; sourceTree = "<group>"; };
		C7F201B824A6F387009ABFF3 /* CBAppDelegateManager.m */ = {isa = PBXFileReference; lastKnownFileType = sourcecode.c.objc; path = CBAppDelegateManager.m; sourceTree = "<group>"; };
		C7F201FC24A70E52009ABFF3 /* CBRouter.h */ = {isa = PBXFileReference; lastKnownFileType = sourcecode.c.h; path = CBRouter.h; sourceTree = "<group>"; };
		C7F201FD24A70E52009ABFF3 /* CBRouter.m */ = {isa = PBXFileReference; lastKnownFileType = sourcecode.c.objc; path = CBRouter.m; sourceTree = "<group>"; };
		C7F2020424A73771009ABFF3 /* CBMsgBus.h */ = {isa = PBXFileReference; lastKnownFileType = sourcecode.c.h; path = CBMsgBus.h; sourceTree = "<group>"; };
		C7F2020524A73771009ABFF3 /* CBMsgBus.m */ = {isa = PBXFileReference; lastKnownFileType = sourcecode.c.objc; path = CBMsgBus.m; sourceTree = "<group>"; };
		C7F2020824A73FFC009ABFF3 /* CBWeakDelegate.h */ = {isa = PBXFileReference; lastKnownFileType = sourcecode.c.h; path = CBWeakDelegate.h; sourceTree = "<group>"; };
		C7F2020924A73FFC009ABFF3 /* CBWeakDelegate.m */ = {isa = PBXFileReference; lastKnownFileType = sourcecode.c.objc; path = CBWeakDelegate.m; sourceTree = "<group>"; };
		C7F2020C24A75BD1009ABFF3 /* NSObject+CBMsgBus.h */ = {isa = PBXFileReference; lastKnownFileType = sourcecode.c.h; path = "NSObject+CBMsgBus.h"; sourceTree = "<group>"; };
		C7F2020D24A75BD1009ABFF3 /* NSObject+CBMsgBus.m */ = {isa = PBXFileReference; lastKnownFileType = sourcecode.c.objc; path = "NSObject+CBMsgBus.m"; sourceTree = "<group>"; };
		C7F9D5B724B6195400B1D314 /* CBDemo.app */ = {isa = PBXFileReference; explicitFileType = wrapper.application; includeInIndex = 0; path = CBDemo.app; sourceTree = BUILT_PRODUCTS_DIR; };
		C7F9D5B924B6195400B1D314 /* AppDelegate.h */ = {isa = PBXFileReference; lastKnownFileType = sourcecode.c.h; path = AppDelegate.h; sourceTree = "<group>"; };
		C7F9D5BA24B6195400B1D314 /* AppDelegate.m */ = {isa = PBXFileReference; lastKnownFileType = sourcecode.c.objc; path = AppDelegate.m; sourceTree = "<group>"; };
		C7F9D5BF24B6195400B1D314 /* ViewController.h */ = {isa = PBXFileReference; lastKnownFileType = sourcecode.c.h; path = ViewController.h; sourceTree = "<group>"; };
		C7F9D5C024B6195400B1D314 /* ViewController.m */ = {isa = PBXFileReference; lastKnownFileType = sourcecode.c.objc; path = ViewController.m; sourceTree = "<group>"; };
		C7F9D5C324B6195400B1D314 /* Base */ = {isa = PBXFileReference; lastKnownFileType = file.storyboard; name = Base; path = Base.lproj/Main.storyboard; sourceTree = "<group>"; };
		C7F9D5C524B6195500B1D314 /* Assets.xcassets */ = {isa = PBXFileReference; lastKnownFileType = folder.assetcatalog; path = Assets.xcassets; sourceTree = "<group>"; };
		C7F9D5C824B6195500B1D314 /* Base */ = {isa = PBXFileReference; lastKnownFileType = file.storyboard; name = Base; path = Base.lproj/LaunchScreen.storyboard; sourceTree = "<group>"; };
		C7F9D5CA24B6195500B1D314 /* Info.plist */ = {isa = PBXFileReference; lastKnownFileType = text.plist.xml; path = Info.plist; sourceTree = "<group>"; };
		C7F9D5CB24B6195500B1D314 /* main.m */ = {isa = PBXFileReference; lastKnownFileType = sourcecode.c.objc; path = main.m; sourceTree = "<group>"; };
		C7F9D5D124B6195600B1D314 /* CBDemoTests.xctest */ = {isa = PBXFileReference; explicitFileType = wrapper.cfbundle; includeInIndex = 0; path = CBDemoTests.xctest; sourceTree = BUILT_PRODUCTS_DIR; };
		C7F9D5D524B6195600B1D314 /* CBDemoTests.m */ = {isa = PBXFileReference; lastKnownFileType = sourcecode.c.objc; path = CBDemoTests.m; sourceTree = "<group>"; };
		C7F9D5D724B6195600B1D314 /* Info.plist */ = {isa = PBXFileReference; lastKnownFileType = text.plist.xml; path = Info.plist; sourceTree = "<group>"; };
		C7F9D5DC24B6195600B1D314 /* CBDemoUITests.xctest */ = {isa = PBXFileReference; explicitFileType = wrapper.cfbundle; includeInIndex = 0; path = CBDemoUITests.xctest; sourceTree = BUILT_PRODUCTS_DIR; };
		C7F9D5E024B6195600B1D314 /* CBDemoUITests.m */ = {isa = PBXFileReference; lastKnownFileType = sourcecode.c.objc; path = CBDemoUITests.m; sourceTree = "<group>"; };
		C7F9D5E224B6195600B1D314 /* Info.plist */ = {isa = PBXFileReference; lastKnownFileType = text.plist.xml; path = Info.plist; sourceTree = "<group>"; };
		D2ED7D76F5F969617C4DD19D /* Pods-specialTarget-CBKit-CBKitTests.debug.xcconfig */ = {isa = PBXFileReference; includeInIndex = 1; lastKnownFileType = text.xcconfig; name = "Pods-specialTarget-CBKit-CBKitTests.debug.xcconfig"; path = "Target Support Files/Pods-specialTarget-CBKit-CBKitTests/Pods-specialTarget-CBKit-CBKitTests.debug.xcconfig"; sourceTree = "<group>"; };
		F4DF0193D1DE36D88CBAFA52 /* Pods-specialTarget-CBDemo.debug.xcconfig */ = {isa = PBXFileReference; includeInIndex = 1; lastKnownFileType = text.xcconfig; name = "Pods-specialTarget-CBDemo.debug.xcconfig"; path = "Target Support Files/Pods-specialTarget-CBDemo/Pods-specialTarget-CBDemo.debug.xcconfig"; sourceTree = "<group>"; };
		FECACC29D8888274E60D1F40 /* Pods-specialTarget-CBKit-CBKitTests.release.xcconfig */ = {isa = PBXFileReference; includeInIndex = 1; lastKnownFileType = text.xcconfig; name = "Pods-specialTarget-CBKit-CBKitTests.release.xcconfig"; path = "Target Support Files/Pods-specialTarget-CBKit-CBKitTests/Pods-specialTarget-CBKit-CBKitTests.release.xcconfig"; sourceTree = "<group>"; };
/* End PBXFileReference section */

/* Begin PBXFrameworksBuildPhase section */
		C7F2019224A6736E009ABFF3 /* Frameworks */ = {
			isa = PBXFrameworksBuildPhase;
			buildActionMask = 2147483647;
			files = (
				2B702E901489E4938C10AE17 /* Pods_specialTarget_CBKit.framework in Frameworks */,
			);
			runOnlyForDeploymentPostprocessing = 0;
		};
		C7F2019B24A6736E009ABFF3 /* Frameworks */ = {
			isa = PBXFrameworksBuildPhase;
			buildActionMask = 2147483647;
			files = (
				C7F2019F24A6736E009ABFF3 /* CBKit.framework in Frameworks */,
				5BE5D6DD81EC8D891BBF678C /* Pods_specialTarget_CBKit_CBKitTests.framework in Frameworks */,
			);
			runOnlyForDeploymentPostprocessing = 0;
		};
		C7F9D5B424B6195400B1D314 /* Frameworks */ = {
			isa = PBXFrameworksBuildPhase;
			buildActionMask = 2147483647;
			files = (
				C7F9D5ED24B61CF000B1D314 /* CBKit.framework in Frameworks */,
				59A7085B12B94ED192F71FE4 /* Pods_specialTarget_CBDemo.framework in Frameworks */,
			);
			runOnlyForDeploymentPostprocessing = 0;
		};
		C7F9D5CE24B6195600B1D314 /* Frameworks */ = {
			isa = PBXFrameworksBuildPhase;
			buildActionMask = 2147483647;
			files = (
				8B6FE2880B48F0D2F7CBACCD /* Pods_specialTarget_CBDemo_CBDemoTests.framework in Frameworks */,
			);
			runOnlyForDeploymentPostprocessing = 0;
		};
		C7F9D5D924B6195600B1D314 /* Frameworks */ = {
			isa = PBXFrameworksBuildPhase;
			buildActionMask = 2147483647;
			files = (
			);
			runOnlyForDeploymentPostprocessing = 0;
		};
/* End PBXFrameworksBuildPhase section */

/* Begin PBXGroup section */
		31DD66DE3CF32398CBD55C68 /* Frameworks */ = {
			isa = PBXGroup;
			children = (
				BBED4960B2BC63B03EB8FC15 /* Pods_specialTarget_CBDemo.framework */,
				9F802B9C50297964CC5D6EC7 /* Pods_specialTarget_CBDemo_CBDemoTests.framework */,
				15D416337C11C194731306E0 /* Pods_specialTarget_CBKit.framework */,
				4A6651436BEF129AD20A2D58 /* Pods_specialTarget_CBKit_CBKitTests.framework */,
			);
			name = Frameworks;
			sourceTree = "<group>";
		};
		4B3D667836E61D942B124FC4 /* Pods */ = {
			isa = PBXGroup;
			children = (
				041A046FC774916395A44EA1 /* Pods-CBKit.debug.xcconfig */,
				7117508AA21DD7D0D0F0AF80 /* Pods-CBKit.release.xcconfig */,
				77FBE6DA26E252C34D68B7AE /* Pods-CBKit-CBKitTests.debug.xcconfig */,
				11083286F8CF5494B0A4F8D4 /* Pods-CBKit-CBKitTests.release.xcconfig */,
				F4DF0193D1DE36D88CBAFA52 /* Pods-specialTarget-CBDemo.debug.xcconfig */,
				27FA9366DFA92B802191B7DF /* Pods-specialTarget-CBDemo.release.xcconfig */,
				B8218092C4DCE33A3A0380AF /* Pods-specialTarget-CBDemo-CBDemoTests.debug.xcconfig */,
				ABF042B95CF386E69B5A95F1 /* Pods-specialTarget-CBDemo-CBDemoTests.release.xcconfig */,
				0925EAD1326E7CF79AA541DD /* Pods-specialTarget-CBKit.debug.xcconfig */,
				3A8628EB0586022B39AD2E0F /* Pods-specialTarget-CBKit.release.xcconfig */,
				D2ED7D76F5F969617C4DD19D /* Pods-specialTarget-CBKit-CBKitTests.debug.xcconfig */,
				FECACC29D8888274E60D1F40 /* Pods-specialTarget-CBKit-CBKitTests.release.xcconfig */,
			);
			path = Pods;
			sourceTree = "<group>";
		};
		C779B65324A96E2900896E40 /* DispatchCenter */ = {
			isa = PBXGroup;
			children = (
				C779B65A24A97AD500896E40 /* CBServiceDescription.h */,
				C779B65B24A97AD500896E40 /* CBServiceDescription.m */,
				C779B65524A979C500896E40 /* CBContext.h */,
				C779B65624A979C500896E40 /* CBContext.m */,
				C779B65E24A98ED900896E40 /* CBApplicationDescription.h */,
				C779B65F24A98ED900896E40 /* CBApplicationDescription.m */,
			);
			path = DispatchCenter;
			sourceTree = "<group>";
		};
		C7F2018B24A6736E009ABFF3 = {
			isa = PBXGroup;
			children = (
				C7F2019724A6736E009ABFF3 /* CBKit */,
				C7F201A224A6736E009ABFF3 /* CBKitTests */,
				C7F9D5B824B6195400B1D314 /* CBDemo */,
				C7F9D5D424B6195600B1D314 /* CBDemoTests */,
				C7F9D5DF24B6195600B1D314 /* CBDemoUITests */,
				C7F2019624A6736E009ABFF3 /* Products */,
				4B3D667836E61D942B124FC4 /* Pods */,
				31DD66DE3CF32398CBD55C68 /* Frameworks */,
			);
			sourceTree = "<group>";
		};
		C7F2019624A6736E009ABFF3 /* Products */ = {
			isa = PBXGroup;
			children = (
				C7F2019524A6736E009ABFF3 /* CBKit.framework */,
				C7F2019E24A6736E009ABFF3 /* CBKitTests.xctest */,
				C7F9D5B724B6195400B1D314 /* CBDemo.app */,
				C7F9D5D124B6195600B1D314 /* CBDemoTests.xctest */,
				C7F9D5DC24B6195600B1D314 /* CBDemoUITests.xctest */,
			);
			name = Products;
			sourceTree = "<group>";
		};
		C7F2019724A6736E009ABFF3 /* CBKit */ = {
			isa = PBXGroup;
			children = (
				C779B65324A96E2900896E40 /* DispatchCenter */,
				C7F201B124A67463009ABFF3 /* MsgBus */,
				C7F201B024A67463009ABFF3 /* URLBus */,
				C7F201AF24A6742F009ABFF3 /* LifeCycle */,
				C7F2019824A6736E009ABFF3 /* CBKit.h */,
				C7F2019924A6736E009ABFF3 /* Info.plist */,
			);
			path = CBKit;
			sourceTree = "<group>";
		};
		C7F201A224A6736E009ABFF3 /* CBKitTests */ = {
			isa = PBXGroup;
			children = (
				C7F201A324A6736E009ABFF3 /* CBKitTests.m */,
				C7F201A524A6736E009ABFF3 /* Info.plist */,
			);
			path = CBKitTests;
			sourceTree = "<group>";
		};
		C7F201AF24A6742F009ABFF3 /* LifeCycle */ = {
			isa = PBXGroup;
			children = (
				C7F201B324A6DC0B009ABFF3 /* CBAppDelegate.h */,
				C7F201B424A6DC0B009ABFF3 /* CBAppDelegate.m */,
				C7F201B724A6F387009ABFF3 /* CBAppDelegateManager.h */,
				C7F201B824A6F387009ABFF3 /* CBAppDelegateManager.m */,
			);
			path = LifeCycle;
			sourceTree = "<group>";
		};
		C7F201B024A67463009ABFF3 /* URLBus */ = {
			isa = PBXGroup;
			children = (
				C7F201FC24A70E52009ABFF3 /* CBRouter.h */,
				C7F201FD24A70E52009ABFF3 /* CBRouter.m */,
			);
			path = URLBus;
			sourceTree = "<group>";
		};
		C7F201B124A67463009ABFF3 /* MsgBus */ = {
			isa = PBXGroup;
			children = (
				C7F2020424A73771009ABFF3 /* CBMsgBus.h */,
				C7F2020524A73771009ABFF3 /* CBMsgBus.m */,
				C7F2020824A73FFC009ABFF3 /* CBWeakDelegate.h */,
				C7F2020924A73FFC009ABFF3 /* CBWeakDelegate.m */,
				C7F2020C24A75BD1009ABFF3 /* NSObject+CBMsgBus.h */,
				C7F2020D24A75BD1009ABFF3 /* NSObject+CBMsgBus.m */,
			);
			path = MsgBus;
			sourceTree = "<group>";
		};
		C7F9D5B824B6195400B1D314 /* CBDemo */ = {
			isa = PBXGroup;
			children = (
				C7F9D5B924B6195400B1D314 /* AppDelegate.h */,
				C7F9D5BA24B6195400B1D314 /* AppDelegate.m */,
				C7F9D5BF24B6195400B1D314 /* ViewController.h */,
				C7F9D5C024B6195400B1D314 /* ViewController.m */,
				C7BAFA6625A04D6C00DE8417 /* TestAppDelegate.swift */,
				C7F9D5C224B6195400B1D314 /* Main.storyboard */,
				C7F9D5C524B6195500B1D314 /* Assets.xcassets */,
				C7F9D5C724B6195500B1D314 /* LaunchScreen.storyboard */,
				C7F9D5CA24B6195500B1D314 /* Info.plist */,
				C7F9D5CB24B6195500B1D314 /* main.m */,
				C7BAFA5925A04BD600DE8417 /* CBDemo-Bridging-Header.h */,
			);
			path = CBDemo;
			sourceTree = "<group>";
		};
		C7F9D5D424B6195600B1D314 /* CBDemoTests */ = {
			isa = PBXGroup;
			children = (
				C7F9D5D524B6195600B1D314 /* CBDemoTests.m */,
				C7F9D5D724B6195600B1D314 /* Info.plist */,
			);
			path = CBDemoTests;
			sourceTree = "<group>";
		};
		C7F9D5DF24B6195600B1D314 /* CBDemoUITests */ = {
			isa = PBXGroup;
			children = (
				C7F9D5E024B6195600B1D314 /* CBDemoUITests.m */,
				C7F9D5E224B6195600B1D314 /* Info.plist */,
			);
			path = CBDemoUITests;
			sourceTree = "<group>";
		};
/* End PBXGroup section */

/* Begin PBXHeadersBuildPhase section */
		C7F2019024A6736E009ABFF3 /* Headers */ = {
			isa = PBXHeadersBuildPhase;
			buildActionMask = 2147483647;
			files = (
				C7F201B524A6DC0B009ABFF3 /* CBAppDelegate.h in Headers */,
				C7F2020624A73771009ABFF3 /* CBMsgBus.h in Headers */,
				C7F2020E24A75BD1009ABFF3 /* NSObject+CBMsgBus.h in Headers */,
				C779B66024A98ED900896E40 /* CBApplicationDescription.h in Headers */,
				C7F201B924A6F387009ABFF3 /* CBAppDelegateManager.h in Headers */,
				C779B65C24A97AD500896E40 /* CBServiceDescription.h in Headers */,
				C779B65724A979C500896E40 /* CBContext.h in Headers */,
				C7F201FE24A70E52009ABFF3 /* CBRouter.h in Headers */,
				C7F2020A24A73FFC009ABFF3 /* CBWeakDelegate.h in Headers */,
				C7F201A624A6736F009ABFF3 /* CBKit.h in Headers */,
			);
			runOnlyForDeploymentPostprocessing = 0;
		};
/* End PBXHeadersBuildPhase section */

/* Begin PBXNativeTarget section */
		C7F2019424A6736E009ABFF3 /* CBKit */ = {
			isa = PBXNativeTarget;
			buildConfigurationList = C7F201A924A6736F009ABFF3 /* Build configuration list for PBXNativeTarget "CBKit" */;
			buildPhases = (
				5452F7EC5906288CEF2E3B81 /* [CP] Check Pods Manifest.lock */,
				C7F2019024A6736E009ABFF3 /* Headers */,
				C7F2019124A6736E009ABFF3 /* Sources */,
				C7F2019224A6736E009ABFF3 /* Frameworks */,
				C7F2019324A6736E009ABFF3 /* Resources */,
			);
			buildRules = (
			);
			dependencies = (
			);
			name = CBKit;
			productName = CBKit;
			productReference = C7F2019524A6736E009ABFF3 /* CBKit.framework */;
			productType = "com.apple.product-type.framework";
		};
		C7F2019D24A6736E009ABFF3 /* CBKitTests */ = {
			isa = PBXNativeTarget;
			buildConfigurationList = C7F201AC24A6736F009ABFF3 /* Build configuration list for PBXNativeTarget "CBKitTests" */;
			buildPhases = (
				5E9208CD4D1F69818F79C589 /* [CP] Check Pods Manifest.lock */,
				C7F2019A24A6736E009ABFF3 /* Sources */,
				C7F2019B24A6736E009ABFF3 /* Frameworks */,
				C7F2019C24A6736E009ABFF3 /* Resources */,
				FE7080837D0D60B8B8D765D5 /* [CP] Embed Pods Frameworks */,
			);
			buildRules = (
			);
			dependencies = (
				C7F201A124A6736E009ABFF3 /* PBXTargetDependency */,
			);
			name = CBKitTests;
			productName = CBKitTests;
			productReference = C7F2019E24A6736E009ABFF3 /* CBKitTests.xctest */;
			productType = "com.apple.product-type.bundle.unit-test";
		};
		C7F9D5B624B6195400B1D314 /* CBDemo */ = {
			isa = PBXNativeTarget;
			buildConfigurationList = C7F9D5E924B6195600B1D314 /* Build configuration list for PBXNativeTarget "CBDemo" */;
			buildPhases = (
				2EB86439F063951F8C27AE7D /* [CP] Check Pods Manifest.lock */,
				C7F9D5B324B6195400B1D314 /* Sources */,
				C7F9D5B424B6195400B1D314 /* Frameworks */,
				C7F9D5B524B6195400B1D314 /* Resources */,
				232E29C9288E73E3724DE9C7 /* [CP] Embed Pods Frameworks */,
			);
			buildRules = (
			);
			dependencies = (
			);
			name = CBDemo;
			productName = CBDemo;
			productReference = C7F9D5B724B6195400B1D314 /* CBDemo.app */;
			productType = "com.apple.product-type.application";
		};
		C7F9D5D024B6195600B1D314 /* CBDemoTests */ = {
			isa = PBXNativeTarget;
			buildConfigurationList = C7F9D5EA24B6195600B1D314 /* Build configuration list for PBXNativeTarget "CBDemoTests" */;
			buildPhases = (
				A10AD1021C2AC6A2DCBF5807 /* [CP] Check Pods Manifest.lock */,
				C7F9D5CD24B6195600B1D314 /* Sources */,
				C7F9D5CE24B6195600B1D314 /* Frameworks */,
				C7F9D5CF24B6195600B1D314 /* Resources */,
				161BAFD58D27D98C1F6E0587 /* [CP] Embed Pods Frameworks */,
			);
			buildRules = (
			);
			dependencies = (
				C7F9D5D324B6195600B1D314 /* PBXTargetDependency */,
			);
			name = CBDemoTests;
			productName = CBDemoTests;
			productReference = C7F9D5D124B6195600B1D314 /* CBDemoTests.xctest */;
			productType = "com.apple.product-type.bundle.unit-test";
		};
		C7F9D5DB24B6195600B1D314 /* CBDemoUITests */ = {
			isa = PBXNativeTarget;
			buildConfigurationList = C7F9D5EB24B6195600B1D314 /* Build configuration list for PBXNativeTarget "CBDemoUITests" */;
			buildPhases = (
				C7F9D5D824B6195600B1D314 /* Sources */,
				C7F9D5D924B6195600B1D314 /* Frameworks */,
				C7F9D5DA24B6195600B1D314 /* Resources */,
			);
			buildRules = (
			);
			dependencies = (
				C7F9D5DE24B6195600B1D314 /* PBXTargetDependency */,
			);
			name = CBDemoUITests;
			productName = CBDemoUITests;
			productReference = C7F9D5DC24B6195600B1D314 /* CBDemoUITests.xctest */;
			productType = "com.apple.product-type.bundle.ui-testing";
		};
/* End PBXNativeTarget section */

/* Begin PBXProject section */
		C7F2018C24A6736E009ABFF3 /* Project object */ = {
			isa = PBXProject;
			attributes = {
				LastUpgradeCheck = 1150;
				ORGANIZATIONNAME = "李笑清";
				TargetAttributes = {
					C7F2019424A6736E009ABFF3 = {
						CreatedOnToolsVersion = 11.5;
					};
					C7F2019D24A6736E009ABFF3 = {
						CreatedOnToolsVersion = 11.5;
					};
					C7F9D5B624B6195400B1D314 = {
						CreatedOnToolsVersion = 11.5;
						LastSwiftMigration = 1220;
					};
					C7F9D5D024B6195600B1D314 = {
						CreatedOnToolsVersion = 11.5;
						TestTargetID = C7F9D5B624B6195400B1D314;
					};
					C7F9D5DB24B6195600B1D314 = {
						CreatedOnToolsVersion = 11.5;
						TestTargetID = C7F9D5B624B6195400B1D314;
					};
				};
			};
			buildConfigurationList = C7F2018F24A6736E009ABFF3 /* Build configuration list for PBXProject "CBKit" */;
			compatibilityVersion = "Xcode 9.3";
			developmentRegion = en;
			hasScannedForEncodings = 0;
			knownRegions = (
				en,
				Base,
			);
			mainGroup = C7F2018B24A6736E009ABFF3;
			productRefGroup = C7F2019624A6736E009ABFF3 /* Products */;
			projectDirPath = "";
			projectRoot = "";
			targets = (
				C7F2019424A6736E009ABFF3 /* CBKit */,
				C7F2019D24A6736E009ABFF3 /* CBKitTests */,
				C7F9D5B624B6195400B1D314 /* CBDemo */,
				C7F9D5D024B6195600B1D314 /* CBDemoTests */,
				C7F9D5DB24B6195600B1D314 /* CBDemoUITests */,
			);
		};
/* End PBXProject section */

/* Begin PBXResourcesBuildPhase section */
		C7F2019324A6736E009ABFF3 /* Resources */ = {
			isa = PBXResourcesBuildPhase;
			buildActionMask = 2147483647;
			files = (
			);
			runOnlyForDeploymentPostprocessing = 0;
		};
		C7F2019C24A6736E009ABFF3 /* Resources */ = {
			isa = PBXResourcesBuildPhase;
			buildActionMask = 2147483647;
			files = (
			);
			runOnlyForDeploymentPostprocessing = 0;
		};
		C7F9D5B524B6195400B1D314 /* Resources */ = {
			isa = PBXResourcesBuildPhase;
			buildActionMask = 2147483647;
			files = (
				C7F9D5C924B6195500B1D314 /* LaunchScreen.storyboard in Resources */,
				C7F9D5C624B6195500B1D314 /* Assets.xcassets in Resources */,
				C7F9D5C424B6195400B1D314 /* Main.storyboard in Resources */,
			);
			runOnlyForDeploymentPostprocessing = 0;
		};
		C7F9D5CF24B6195600B1D314 /* Resources */ = {
			isa = PBXResourcesBuildPhase;
			buildActionMask = 2147483647;
			files = (
			);
			runOnlyForDeploymentPostprocessing = 0;
		};
		C7F9D5DA24B6195600B1D314 /* Resources */ = {
			isa = PBXResourcesBuildPhase;
			buildActionMask = 2147483647;
			files = (
			);
			runOnlyForDeploymentPostprocessing = 0;
		};
/* End PBXResourcesBuildPhase section */

/* Begin PBXShellScriptBuildPhase section */
		161BAFD58D27D98C1F6E0587 /* [CP] Embed Pods Frameworks */ = {
			isa = PBXShellScriptBuildPhase;
			buildActionMask = 2147483647;
			files = (
			);
			inputFileListPaths = (
				"${PODS_ROOT}/Target Support Files/Pods-specialTarget-CBDemo-CBDemoTests/Pods-specialTarget-CBDemo-CBDemoTests-frameworks-${CONFIGURATION}-input-files.xcfilelist",
			);
			name = "[CP] Embed Pods Frameworks";
			outputFileListPaths = (
				"${PODS_ROOT}/Target Support Files/Pods-specialTarget-CBDemo-CBDemoTests/Pods-specialTarget-CBDemo-CBDemoTests-frameworks-${CONFIGURATION}-output-files.xcfilelist",
			);
			runOnlyForDeploymentPostprocessing = 0;
			shellPath = /bin/sh;
			shellScript = "\"${PODS_ROOT}/Target Support Files/Pods-specialTarget-CBDemo-CBDemoTests/Pods-specialTarget-CBDemo-CBDemoTests-frameworks.sh\"\n";
			showEnvVarsInLog = 0;
		};
		232E29C9288E73E3724DE9C7 /* [CP] Embed Pods Frameworks */ = {
			isa = PBXShellScriptBuildPhase;
			buildActionMask = 2147483647;
			files = (
			);
			inputFileListPaths = (
				"${PODS_ROOT}/Target Support Files/Pods-specialTarget-CBDemo/Pods-specialTarget-CBDemo-frameworks-${CONFIGURATION}-input-files.xcfilelist",
			);
			name = "[CP] Embed Pods Frameworks";
			outputFileListPaths = (
				"${PODS_ROOT}/Target Support Files/Pods-specialTarget-CBDemo/Pods-specialTarget-CBDemo-frameworks-${CONFIGURATION}-output-files.xcfilelist",
			);
			runOnlyForDeploymentPostprocessing = 0;
			shellPath = /bin/sh;
			shellScript = "\"${PODS_ROOT}/Target Support Files/Pods-specialTarget-CBDemo/Pods-specialTarget-CBDemo-frameworks.sh\"\n";
			showEnvVarsInLog = 0;
		};
		2EB86439F063951F8C27AE7D /* [CP] Check Pods Manifest.lock */ = {
			isa = PBXShellScriptBuildPhase;
			buildActionMask = 2147483647;
			files = (
			);
			inputFileListPaths = (
			);
			inputPaths = (
				"${PODS_PODFILE_DIR_PATH}/Podfile.lock",
				"${PODS_ROOT}/Manifest.lock",
			);
			name = "[CP] Check Pods Manifest.lock";
			outputFileListPaths = (
			);
			outputPaths = (
				"$(DERIVED_FILE_DIR)/Pods-specialTarget-CBDemo-checkManifestLockResult.txt",
			);
			runOnlyForDeploymentPostprocessing = 0;
			shellPath = /bin/sh;
			shellScript = "diff \"${PODS_PODFILE_DIR_PATH}/Podfile.lock\" \"${PODS_ROOT}/Manifest.lock\" > /dev/null\nif [ $? != 0 ] ; then\n    # print error to STDERR\n    echo \"error: The sandbox is not in sync with the Podfile.lock. Run 'pod install' or update your CocoaPods installation.\" >&2\n    exit 1\nfi\n# This output is used by Xcode 'outputs' to avoid re-running this script phase.\necho \"SUCCESS\" > \"${SCRIPT_OUTPUT_FILE_0}\"\n";
			showEnvVarsInLog = 0;
		};
		5452F7EC5906288CEF2E3B81 /* [CP] Check Pods Manifest.lock */ = {
			isa = PBXShellScriptBuildPhase;
			buildActionMask = 2147483647;
			files = (
			);
			inputFileListPaths = (
			);
			inputPaths = (
				"${PODS_PODFILE_DIR_PATH}/Podfile.lock",
				"${PODS_ROOT}/Manifest.lock",
			);
			name = "[CP] Check Pods Manifest.lock";
			outputFileListPaths = (
			);
			outputPaths = (
				"$(DERIVED_FILE_DIR)/Pods-specialTarget-CBKit-checkManifestLockResult.txt",
			);
			runOnlyForDeploymentPostprocessing = 0;
			shellPath = /bin/sh;
			shellScript = "diff \"${PODS_PODFILE_DIR_PATH}/Podfile.lock\" \"${PODS_ROOT}/Manifest.lock\" > /dev/null\nif [ $? != 0 ] ; then\n    # print error to STDERR\n    echo \"error: The sandbox is not in sync with the Podfile.lock. Run 'pod install' or update your CocoaPods installation.\" >&2\n    exit 1\nfi\n# This output is used by Xcode 'outputs' to avoid re-running this script phase.\necho \"SUCCESS\" > \"${SCRIPT_OUTPUT_FILE_0}\"\n";
			showEnvVarsInLog = 0;
		};
		5E9208CD4D1F69818F79C589 /* [CP] Check Pods Manifest.lock */ = {
			isa = PBXShellScriptBuildPhase;
			buildActionMask = 2147483647;
			files = (
			);
			inputFileListPaths = (
			);
			inputPaths = (
				"${PODS_PODFILE_DIR_PATH}/Podfile.lock",
				"${PODS_ROOT}/Manifest.lock",
			);
			name = "[CP] Check Pods Manifest.lock";
			outputFileListPaths = (
			);
			outputPaths = (
				"$(DERIVED_FILE_DIR)/Pods-specialTarget-CBKit-CBKitTests-checkManifestLockResult.txt",
			);
			runOnlyForDeploymentPostprocessing = 0;
			shellPath = /bin/sh;
			shellScript = "diff \"${PODS_PODFILE_DIR_PATH}/Podfile.lock\" \"${PODS_ROOT}/Manifest.lock\" > /dev/null\nif [ $? != 0 ] ; then\n    # print error to STDERR\n    echo \"error: The sandbox is not in sync with the Podfile.lock. Run 'pod install' or update your CocoaPods installation.\" >&2\n    exit 1\nfi\n# This output is used by Xcode 'outputs' to avoid re-running this script phase.\necho \"SUCCESS\" > \"${SCRIPT_OUTPUT_FILE_0}\"\n";
			showEnvVarsInLog = 0;
		};
		A10AD1021C2AC6A2DCBF5807 /* [CP] Check Pods Manifest.lock */ = {
			isa = PBXShellScriptBuildPhase;
			buildActionMask = 2147483647;
			files = (
			);
			inputFileListPaths = (
			);
			inputPaths = (
				"${PODS_PODFILE_DIR_PATH}/Podfile.lock",
				"${PODS_ROOT}/Manifest.lock",
			);
			name = "[CP] Check Pods Manifest.lock";
			outputFileListPaths = (
			);
			outputPaths = (
				"$(DERIVED_FILE_DIR)/Pods-specialTarget-CBDemo-CBDemoTests-checkManifestLockResult.txt",
			);
			runOnlyForDeploymentPostprocessing = 0;
			shellPath = /bin/sh;
			shellScript = "diff \"${PODS_PODFILE_DIR_PATH}/Podfile.lock\" \"${PODS_ROOT}/Manifest.lock\" > /dev/null\nif [ $? != 0 ] ; then\n    # print error to STDERR\n    echo \"error: The sandbox is not in sync with the Podfile.lock. Run 'pod install' or update your CocoaPods installation.\" >&2\n    exit 1\nfi\n# This output is used by Xcode 'outputs' to avoid re-running this script phase.\necho \"SUCCESS\" > \"${SCRIPT_OUTPUT_FILE_0}\"\n";
			showEnvVarsInLog = 0;
		};
		FE7080837D0D60B8B8D765D5 /* [CP] Embed Pods Frameworks */ = {
			isa = PBXShellScriptBuildPhase;
			buildActionMask = 2147483647;
			files = (
			);
			inputFileListPaths = (
				"${PODS_ROOT}/Target Support Files/Pods-specialTarget-CBKit-CBKitTests/Pods-specialTarget-CBKit-CBKitTests-frameworks-${CONFIGURATION}-input-files.xcfilelist",
			);
			name = "[CP] Embed Pods Frameworks";
			outputFileListPaths = (
				"${PODS_ROOT}/Target Support Files/Pods-specialTarget-CBKit-CBKitTests/Pods-specialTarget-CBKit-CBKitTests-frameworks-${CONFIGURATION}-output-files.xcfilelist",
			);
			runOnlyForDeploymentPostprocessing = 0;
			shellPath = /bin/sh;
			shellScript = "\"${PODS_ROOT}/Target Support Files/Pods-specialTarget-CBKit-CBKitTests/Pods-specialTarget-CBKit-CBKitTests-frameworks.sh\"\n";
			showEnvVarsInLog = 0;
		};
/* End PBXShellScriptBuildPhase section */

/* Begin PBXSourcesBuildPhase section */
		C7F2019124A6736E009ABFF3 /* Sources */ = {
			isa = PBXSourcesBuildPhase;
			buildActionMask = 2147483647;
			files = (
				C779B66124A98ED900896E40 /* CBApplicationDescription.m in Sources */,
				C779B65824A979C500896E40 /* CBContext.m in Sources */,
				C7F2020F24A75BD1009ABFF3 /* NSObject+CBMsgBus.m in Sources */,
				C779B65D24A97AD500896E40 /* CBServiceDescription.m in Sources */,
				C7F201FF24A70E52009ABFF3 /* CBRouter.m in Sources */,
				C7F2020B24A73FFC009ABFF3 /* CBWeakDelegate.m in Sources */,
				C7F2020724A73771009ABFF3 /* CBMsgBus.m in Sources */,
				C7F201B624A6DC0B009ABFF3 /* CBAppDelegate.m in Sources */,
				C7F201BA24A6F387009ABFF3 /* CBAppDelegateManager.m in Sources */,
			);
			runOnlyForDeploymentPostprocessing = 0;
		};
		C7F2019A24A6736E009ABFF3 /* Sources */ = {
			isa = PBXSourcesBuildPhase;
			buildActionMask = 2147483647;
			files = (
				C7F201A424A6736E009ABFF3 /* CBKitTests.m in Sources */,
			);
			runOnlyForDeploymentPostprocessing = 0;
		};
		C7F9D5B324B6195400B1D314 /* Sources */ = {
			isa = PBXSourcesBuildPhase;
			buildActionMask = 2147483647;
			files = (
				C7BAFA6725A04D6C00DE8417 /* TestAppDelegate.swift in Sources */,
				C7F9D5C124B6195400B1D314 /* ViewController.m in Sources */,
				C7F9D5BB24B6195400B1D314 /* AppDelegate.m in Sources */,
				C7F9D5CC24B6195500B1D314 /* main.m in Sources */,
			);
			runOnlyForDeploymentPostprocessing = 0;
		};
		C7F9D5CD24B6195600B1D314 /* Sources */ = {
			isa = PBXSourcesBuildPhase;
			buildActionMask = 2147483647;
			files = (
				C7F9D5D624B6195600B1D314 /* CBDemoTests.m in Sources */,
			);
			runOnlyForDeploymentPostprocessing = 0;
		};
		C7F9D5D824B6195600B1D314 /* Sources */ = {
			isa = PBXSourcesBuildPhase;
			buildActionMask = 2147483647;
			files = (
				C7F9D5E124B6195600B1D314 /* CBDemoUITests.m in Sources */,
			);
			runOnlyForDeploymentPostprocessing = 0;
		};
/* End PBXSourcesBuildPhase section */

/* Begin PBXTargetDependency section */
		C7F201A124A6736E009ABFF3 /* PBXTargetDependency */ = {
			isa = PBXTargetDependency;
			target = C7F2019424A6736E009ABFF3 /* CBKit */;
			targetProxy = C7F201A024A6736E009ABFF3 /* PBXContainerItemProxy */;
		};
		C7F9D5D324B6195600B1D314 /* PBXTargetDependency */ = {
			isa = PBXTargetDependency;
			target = C7F9D5B624B6195400B1D314 /* CBDemo */;
			targetProxy = C7F9D5D224B6195600B1D314 /* PBXContainerItemProxy */;
		};
		C7F9D5DE24B6195600B1D314 /* PBXTargetDependency */ = {
			isa = PBXTargetDependency;
			target = C7F9D5B624B6195400B1D314 /* CBDemo */;
			targetProxy = C7F9D5DD24B6195600B1D314 /* PBXContainerItemProxy */;
		};
/* End PBXTargetDependency section */

/* Begin PBXVariantGroup section */
		C7F9D5C224B6195400B1D314 /* Main.storyboard */ = {
			isa = PBXVariantGroup;
			children = (
				C7F9D5C324B6195400B1D314 /* Base */,
			);
			name = Main.storyboard;
			sourceTree = "<group>";
		};
		C7F9D5C724B6195500B1D314 /* LaunchScreen.storyboard */ = {
			isa = PBXVariantGroup;
			children = (
				C7F9D5C824B6195500B1D314 /* Base */,
			);
			name = LaunchScreen.storyboard;
			sourceTree = "<group>";
		};
/* End PBXVariantGroup section */

/* Begin XCBuildConfiguration section */
		C7F201A724A6736F009ABFF3 /* Debug */ = {
			isa = XCBuildConfiguration;
			buildSettings = {
				ALWAYS_SEARCH_USER_PATHS = NO;
				CLANG_ALLOW_NON_MODULAR_INCLUDES_IN_FRAMEWORK_MODULES = NO;
				CLANG_ANALYZER_NONNULL = YES;
				CLANG_ANALYZER_NUMBER_OBJECT_CONVERSION = YES_AGGRESSIVE;
				CLANG_CXX_LANGUAGE_STANDARD = "c++14";
				CLANG_CXX_LIBRARY = "libc++";
				CLANG_ENABLE_MODULES = YES;
				CLANG_ENABLE_OBJC_ARC = YES;
				CLANG_ENABLE_OBJC_WEAK = YES;
				CLANG_WARN_BLOCK_CAPTURE_AUTORELEASING = YES;
				CLANG_WARN_BOOL_CONVERSION = YES;
				CLANG_WARN_COMMA = YES;
				CLANG_WARN_CONSTANT_CONVERSION = YES;
				CLANG_WARN_DEPRECATED_OBJC_IMPLEMENTATIONS = YES;
				CLANG_WARN_DIRECT_OBJC_ISA_USAGE = YES_ERROR;
				CLANG_WARN_DOCUMENTATION_COMMENTS = YES;
				CLANG_WARN_EMPTY_BODY = YES;
				CLANG_WARN_ENUM_CONVERSION = YES;
				CLANG_WARN_INFINITE_RECURSION = YES;
				CLANG_WARN_INT_CONVERSION = YES;
				CLANG_WARN_NON_LITERAL_NULL_CONVERSION = YES;
				CLANG_WARN_OBJC_IMPLICIT_RETAIN_SELF = YES;
				CLANG_WARN_OBJC_LITERAL_CONVERSION = YES;
				CLANG_WARN_OBJC_ROOT_CLASS = YES_ERROR;
				CLANG_WARN_RANGE_LOOP_ANALYSIS = YES;
				CLANG_WARN_STRICT_PROTOTYPES = YES;
				CLANG_WARN_SUSPICIOUS_MOVE = YES;
				CLANG_WARN_UNGUARDED_AVAILABILITY = YES_AGGRESSIVE;
				CLANG_WARN_UNREACHABLE_CODE = YES;
				CLANG_WARN__DUPLICATE_METHOD_MATCH = YES;
				COPY_PHASE_STRIP = NO;
				CURRENT_PROJECT_VERSION = 1;
				DEBUG_INFORMATION_FORMAT = dwarf;
				ENABLE_STRICT_OBJC_MSGSEND = YES;
				ENABLE_TESTABILITY = YES;
				GCC_C_LANGUAGE_STANDARD = "compiler-default";
				GCC_DYNAMIC_NO_PIC = NO;
				GCC_NO_COMMON_BLOCKS = YES;
				GCC_OPTIMIZATION_LEVEL = 0;
				GCC_PREPROCESSOR_DEFINITIONS = (
					"DEBUG=1",
					"$(inherited)",
				);
				GCC_WARN_64_TO_32_BIT_CONVERSION = YES;
				GCC_WARN_ABOUT_RETURN_TYPE = YES_ERROR;
				GCC_WARN_UNDECLARED_SELECTOR = YES;
				GCC_WARN_UNINITIALIZED_AUTOS = YES_AGGRESSIVE;
				GCC_WARN_UNUSED_FUNCTION = YES;
				GCC_WARN_UNUSED_VARIABLE = YES;
				IPHONEOS_DEPLOYMENT_TARGET = 9.0;
				MTL_ENABLE_DEBUG_INFO = INCLUDE_SOURCE;
				MTL_FAST_MATH = YES;
				ONLY_ACTIVE_ARCH = YES;
				SDKROOT = iphoneos;
				VERSIONING_SYSTEM = "apple-generic";
				VERSION_INFO_PREFIX = "";
			};
			name = Debug;
		};
		C7F201A824A6736F009ABFF3 /* Release */ = {
			isa = XCBuildConfiguration;
			buildSettings = {
				ALWAYS_SEARCH_USER_PATHS = NO;
				CLANG_ALLOW_NON_MODULAR_INCLUDES_IN_FRAMEWORK_MODULES = NO;
				CLANG_ANALYZER_NONNULL = YES;
				CLANG_ANALYZER_NUMBER_OBJECT_CONVERSION = YES_AGGRESSIVE;
				CLANG_CXX_LANGUAGE_STANDARD = "c++14";
				CLANG_CXX_LIBRARY = "libc++";
				CLANG_ENABLE_MODULES = YES;
				CLANG_ENABLE_OBJC_ARC = YES;
				CLANG_ENABLE_OBJC_WEAK = YES;
				CLANG_WARN_BLOCK_CAPTURE_AUTORELEASING = YES;
				CLANG_WARN_BOOL_CONVERSION = YES;
				CLANG_WARN_COMMA = YES;
				CLANG_WARN_CONSTANT_CONVERSION = YES;
				CLANG_WARN_DEPRECATED_OBJC_IMPLEMENTATIONS = YES;
				CLANG_WARN_DIRECT_OBJC_ISA_USAGE = YES_ERROR;
				CLANG_WARN_DOCUMENTATION_COMMENTS = YES;
				CLANG_WARN_EMPTY_BODY = YES;
				CLANG_WARN_ENUM_CONVERSION = YES;
				CLANG_WARN_INFINITE_RECURSION = YES;
				CLANG_WARN_INT_CONVERSION = YES;
				CLANG_WARN_NON_LITERAL_NULL_CONVERSION = YES;
				CLANG_WARN_OBJC_IMPLICIT_RETAIN_SELF = YES;
				CLANG_WARN_OBJC_LITERAL_CONVERSION = YES;
				CLANG_WARN_OBJC_ROOT_CLASS = YES_ERROR;
				CLANG_WARN_RANGE_LOOP_ANALYSIS = YES;
				CLANG_WARN_STRICT_PROTOTYPES = YES;
				CLANG_WARN_SUSPICIOUS_MOVE = YES;
				CLANG_WARN_UNGUARDED_AVAILABILITY = YES_AGGRESSIVE;
				CLANG_WARN_UNREACHABLE_CODE = YES;
				CLANG_WARN__DUPLICATE_METHOD_MATCH = YES;
				COPY_PHASE_STRIP = NO;
				CURRENT_PROJECT_VERSION = 1;
				DEBUG_INFORMATION_FORMAT = "dwarf-with-dsym";
				ENABLE_NS_ASSERTIONS = NO;
				ENABLE_STRICT_OBJC_MSGSEND = YES;
				GCC_C_LANGUAGE_STANDARD = "compiler-default";
				GCC_NO_COMMON_BLOCKS = YES;
				GCC_WARN_64_TO_32_BIT_CONVERSION = YES;
				GCC_WARN_ABOUT_RETURN_TYPE = YES_ERROR;
				GCC_WARN_UNDECLARED_SELECTOR = YES;
				GCC_WARN_UNINITIALIZED_AUTOS = YES_AGGRESSIVE;
				GCC_WARN_UNUSED_FUNCTION = YES;
				GCC_WARN_UNUSED_VARIABLE = YES;
				IPHONEOS_DEPLOYMENT_TARGET = 9.0;
				MTL_ENABLE_DEBUG_INFO = NO;
				MTL_FAST_MATH = YES;
				SDKROOT = iphoneos;
				VALIDATE_PRODUCT = YES;
				VERSIONING_SYSTEM = "apple-generic";
				VERSION_INFO_PREFIX = "";
			};
			name = Release;
		};
		C7F201AA24A6736F009ABFF3 /* Debug */ = {
			isa = XCBuildConfiguration;
			baseConfigurationReference = 0925EAD1326E7CF79AA541DD /* Pods-specialTarget-CBKit.debug.xcconfig */;
			buildSettings = {
				CLANG_ALLOW_NON_MODULAR_INCLUDES_IN_FRAMEWORK_MODULES = YES;
				CODE_SIGN_STYLE = Automatic;
				DEFINES_MODULE = YES;
				DEVELOPMENT_TEAM = YRDM73GGJ9;
				DYLIB_COMPATIBILITY_VERSION = 1;
				DYLIB_CURRENT_VERSION = 1;
				DYLIB_INSTALL_NAME_BASE = "@rpath";
				INFOPLIST_FILE = CBKit/Info.plist;
				INSTALL_PATH = "$(LOCAL_LIBRARY_DIR)/Frameworks";
				LD_RUNPATH_SEARCH_PATHS = (
					"$(inherited)",
					"@executable_path/Frameworks",
					"@loader_path/Frameworks",
				);
				PRODUCT_BUNDLE_IDENTIFIER = com.bn.CBKit;
				PRODUCT_NAME = "$(TARGET_NAME:c99extidentifier)";
				SKIP_INSTALL = YES;
				TARGETED_DEVICE_FAMILY = "1,2";
			};
			name = Debug;
		};
		C7F201AB24A6736F009ABFF3 /* Release */ = {
			isa = XCBuildConfiguration;
			baseConfigurationReference = 3A8628EB0586022B39AD2E0F /* Pods-specialTarget-CBKit.release.xcconfig */;
			buildSettings = {
				CLANG_ALLOW_NON_MODULAR_INCLUDES_IN_FRAMEWORK_MODULES = YES;
				CODE_SIGN_STYLE = Automatic;
				DEFINES_MODULE = YES;
				DEVELOPMENT_TEAM = YRDM73GGJ9;
				DYLIB_COMPATIBILITY_VERSION = 1;
				DYLIB_CURRENT_VERSION = 1;
				DYLIB_INSTALL_NAME_BASE = "@rpath";
				INFOPLIST_FILE = CBKit/Info.plist;
				INSTALL_PATH = "$(LOCAL_LIBRARY_DIR)/Frameworks";
				LD_RUNPATH_SEARCH_PATHS = (
					"$(inherited)",
					"@executable_path/Frameworks",
					"@loader_path/Frameworks",
				);
				PRODUCT_BUNDLE_IDENTIFIER = com.bn.CBKit;
				PRODUCT_NAME = "$(TARGET_NAME:c99extidentifier)";
				SKIP_INSTALL = YES;
				TARGETED_DEVICE_FAMILY = "1,2";
			};
			name = Release;
		};
		C7F201AD24A6736F009ABFF3 /* Debug */ = {
			isa = XCBuildConfiguration;
			baseConfigurationReference = D2ED7D76F5F969617C4DD19D /* Pods-specialTarget-CBKit-CBKitTests.debug.xcconfig */;
			buildSettings = {
				CODE_SIGN_STYLE = Automatic;
				DEVELOPMENT_TEAM = YRDM73GGJ9;
				INFOPLIST_FILE = CBKitTests/Info.plist;
				LD_RUNPATH_SEARCH_PATHS = (
					"$(inherited)",
					"@executable_path/Frameworks",
					"@loader_path/Frameworks",
				);
				PRODUCT_BUNDLE_IDENTIFIER = com.bn.CBKitTests;
				PRODUCT_NAME = "$(TARGET_NAME)";
				TARGETED_DEVICE_FAMILY = "1,2";
			};
			name = Debug;
		};
		C7F201AE24A6736F009ABFF3 /* Release */ = {
			isa = XCBuildConfiguration;
			baseConfigurationReference = FECACC29D8888274E60D1F40 /* Pods-specialTarget-CBKit-CBKitTests.release.xcconfig */;
			buildSettings = {
				CODE_SIGN_STYLE = Automatic;
				DEVELOPMENT_TEAM = YRDM73GGJ9;
				INFOPLIST_FILE = CBKitTests/Info.plist;
				LD_RUNPATH_SEARCH_PATHS = (
					"$(inherited)",
					"@executable_path/Frameworks",
					"@loader_path/Frameworks",
				);
				PRODUCT_BUNDLE_IDENTIFIER = com.bn.CBKitTests;
				PRODUCT_NAME = "$(TARGET_NAME)";
				TARGETED_DEVICE_FAMILY = "1,2";
			};
			name = Release;
		};
		C7F9D5E324B6195600B1D314 /* Debug */ = {
			isa = XCBuildConfiguration;
			baseConfigurationReference = F4DF0193D1DE36D88CBAFA52 /* Pods-specialTarget-CBDemo.debug.xcconfig */;
			buildSettings = {
				ASSETCATALOG_COMPILER_APPICON_NAME = AppIcon;
				CLANG_ALLOW_NON_MODULAR_INCLUDES_IN_FRAMEWORK_MODULES = YES;
				CLANG_ENABLE_MODULES = YES;
				CODE_SIGN_STYLE = Automatic;
				DEVELOPMENT_TEAM = YRDM73GGJ9;
				INFOPLIST_FILE = CBDemo/Info.plist;
				LD_RUNPATH_SEARCH_PATHS = (
					"$(inherited)",
					"@executable_path/Frameworks",
				);
				PRODUCT_BUNDLE_IDENTIFIER = com.bn.CBDemo;
				PRODUCT_NAME = "$(TARGET_NAME)";
				SWIFT_OBJC_BRIDGING_HEADER = "CBDemo/CBDemo-Bridging-Header.h";
				SWIFT_OPTIMIZATION_LEVEL = "-Onone";
				SWIFT_VERSION = 5.0;
				TARGETED_DEVICE_FAMILY = "1,2";
			};
			name = Debug;
		};
		C7F9D5E424B6195600B1D314 /* Release */ = {
			isa = XCBuildConfiguration;
			baseConfigurationReference = 27FA9366DFA92B802191B7DF /* Pods-specialTarget-CBDemo.release.xcconfig */;
			buildSettings = {
				ASSETCATALOG_COMPILER_APPICON_NAME = AppIcon;
				CLANG_ALLOW_NON_MODULAR_INCLUDES_IN_FRAMEWORK_MODULES = YES;
				CLANG_ENABLE_MODULES = YES;
				CODE_SIGN_STYLE = Automatic;
				DEVELOPMENT_TEAM = YRDM73GGJ9;
				INFOPLIST_FILE = CBDemo/Info.plist;
				LD_RUNPATH_SEARCH_PATHS = (
					"$(inherited)",
					"@executable_path/Frameworks",
				);
				PRODUCT_BUNDLE_IDENTIFIER = com.bn.CBDemo;
				PRODUCT_NAME = "$(TARGET_NAME)";
				SWIFT_OBJC_BRIDGING_HEADER = "CBDemo/CBDemo-Bridging-Header.h";
				SWIFT_VERSION = 5.0;
				TARGETED_DEVICE_FAMILY = "1,2";
			};
			name = Release;
		};
		C7F9D5E524B6195600B1D314 /* Debug */ = {
			isa = XCBuildConfiguration;
			baseConfigurationReference = B8218092C4DCE33A3A0380AF /* Pods-specialTarget-CBDemo-CBDemoTests.debug.xcconfig */;
			buildSettings = {
				ALWAYS_EMBED_SWIFT_STANDARD_LIBRARIES = YES;
				BUNDLE_LOADER = "$(TEST_HOST)";
				CODE_SIGN_STYLE = Automatic;
				DEVELOPMENT_TEAM = YRDM73GGJ9;
				INFOPLIST_FILE = CBDemoTests/Info.plist;
				IPHONEOS_DEPLOYMENT_TARGET = 13.5;
				LD_RUNPATH_SEARCH_PATHS = (
					"$(inherited)",
					"@executable_path/Frameworks",
					"@loader_path/Frameworks",
				);
				PRODUCT_BUNDLE_IDENTIFIER = com.bn.CBDemoTests;
				PRODUCT_NAME = "$(TARGET_NAME)";
				TARGETED_DEVICE_FAMILY = "1,2";
				TEST_HOST = "$(BUILT_PRODUCTS_DIR)/CBDemo.app/CBDemo";
			};
			name = Debug;
		};
		C7F9D5E624B6195600B1D314 /* Release */ = {
			isa = XCBuildConfiguration;
			baseConfigurationReference = ABF042B95CF386E69B5A95F1 /* Pods-specialTarget-CBDemo-CBDemoTests.release.xcconfig */;
			buildSettings = {
				ALWAYS_EMBED_SWIFT_STANDARD_LIBRARIES = YES;
				BUNDLE_LOADER = "$(TEST_HOST)";
				CODE_SIGN_STYLE = Automatic;
				DEVELOPMENT_TEAM = YRDM73GGJ9;
				INFOPLIST_FILE = CBDemoTests/Info.plist;
				IPHONEOS_DEPLOYMENT_TARGET = 13.5;
				LD_RUNPATH_SEARCH_PATHS = (
					"$(inherited)",
					"@executable_path/Frameworks",
					"@loader_path/Frameworks",
				);
				PRODUCT_BUNDLE_IDENTIFIER = com.bn.CBDemoTests;
				PRODUCT_NAME = "$(TARGET_NAME)";
				TARGETED_DEVICE_FAMILY = "1,2";
				TEST_HOST = "$(BUILT_PRODUCTS_DIR)/CBDemo.app/CBDemo";
			};
			name = Release;
		};
		C7F9D5E724B6195600B1D314 /* Debug */ = {
			isa = XCBuildConfiguration;
			buildSettings = {
				ALWAYS_EMBED_SWIFT_STANDARD_LIBRARIES = YES;
				CODE_SIGN_STYLE = Automatic;
				DEVELOPMENT_TEAM = YRDM73GGJ9;
				INFOPLIST_FILE = CBDemoUITests/Info.plist;
				LD_RUNPATH_SEARCH_PATHS = (
					"$(inherited)",
					"@executable_path/Frameworks",
					"@loader_path/Frameworks",
				);
				PRODUCT_BUNDLE_IDENTIFIER = com.bn.CBDemoUITests;
				PRODUCT_NAME = "$(TARGET_NAME)";
				TARGETED_DEVICE_FAMILY = "1,2";
				TEST_TARGET_NAME = CBDemo;
			};
			name = Debug;
		};
		C7F9D5E824B6195600B1D314 /* Release */ = {
			isa = XCBuildConfiguration;
			buildSettings = {
				ALWAYS_EMBED_SWIFT_STANDARD_LIBRARIES = YES;
				CODE_SIGN_STYLE = Automatic;
				DEVELOPMENT_TEAM = YRDM73GGJ9;
				INFOPLIST_FILE = CBDemoUITests/Info.plist;
				LD_RUNPATH_SEARCH_PATHS = (
					"$(inherited)",
					"@executable_path/Frameworks",
					"@loader_path/Frameworks",
				);
				PRODUCT_BUNDLE_IDENTIFIER = com.bn.CBDemoUITests;
				PRODUCT_NAME = "$(TARGET_NAME)";
				TARGETED_DEVICE_FAMILY = "1,2";
				TEST_TARGET_NAME = CBDemo;
			};
			name = Release;
		};
/* End XCBuildConfiguration section */

/* Begin XCConfigurationList section */
		C7F2018F24A6736E009ABFF3 /* Build configuration list for PBXProject "CBKit" */ = {
			isa = XCConfigurationList;
			buildConfigurations = (
				C7F201A724A6736F009ABFF3 /* Debug */,
				C7F201A824A6736F009ABFF3 /* Release */,
			);
			defaultConfigurationIsVisible = 0;
			defaultConfigurationName = Release;
		};
		C7F201A924A6736F009ABFF3 /* Build configuration list for PBXNativeTarget "CBKit" */ = {
			isa = XCConfigurationList;
			buildConfigurations = (
				C7F201AA24A6736F009ABFF3 /* Debug */,
				C7F201AB24A6736F009ABFF3 /* Release */,
			);
			defaultConfigurationIsVisible = 0;
			defaultConfigurationName = Release;
		};
		C7F201AC24A6736F009ABFF3 /* Build configuration list for PBXNativeTarget "CBKitTests" */ = {
			isa = XCConfigurationList;
			buildConfigurations = (
				C7F201AD24A6736F009ABFF3 /* Debug */,
				C7F201AE24A6736F009ABFF3 /* Release */,
			);
			defaultConfigurationIsVisible = 0;
			defaultConfigurationName = Release;
		};
		C7F9D5E924B6195600B1D314 /* Build configuration list for PBXNativeTarget "CBDemo" */ = {
			isa = XCConfigurationList;
			buildConfigurations = (
				C7F9D5E324B6195600B1D314 /* Debug */,
				C7F9D5E424B6195600B1D314 /* Release */,
			);
			defaultConfigurationIsVisible = 0;
			defaultConfigurationName = Release;
		};
		C7F9D5EA24B6195600B1D314 /* Build configuration list for PBXNativeTarget "CBDemoTests" */ = {
			isa = XCConfigurationList;
			buildConfigurations = (
				C7F9D5E524B6195600B1D314 /* Debug */,
				C7F9D5E624B6195600B1D314 /* Release */,
			);
			defaultConfigurationIsVisible = 0;
			defaultConfigurationName = Release;
		};
		C7F9D5EB24B6195600B1D314 /* Build configuration list for PBXNativeTarget "CBDemoUITests" */ = {
			isa = XCConfigurationList;
			buildConfigurations = (
				C7F9D5E724B6195600B1D314 /* Debug */,
				C7F9D5E824B6195600B1D314 /* Release */,
			);
			defaultConfigurationIsVisible = 0;
			defaultConfigurationName = Release;
		};
/* End XCConfigurationList section */
	};
	rootObject = C7F2018C24A6736E009ABFF3 /* Project object */;
}
